
Microsoft Visual Studio Solution File, Format Version 12.00
# Visual Studio Version 16
VisualStudioVersion = 16.0.30114.105
MinimumVisualStudioVersion = 10.0.40219.1
Project("{9A19103F-16F7-4668-BE54-9A1E7A4F7556}") = "OnionArchitecture.Domain", "OnionArchitecture.Domain\OnionArchitecture.Domain.csproj", "{01B3F5E4-7F5E-4D1D-9D02-7DC51CB26F11}"
EndProject
Project("{9A19103F-16F7-4668-BE54-9A1E7A4F7556}") = "OnionArchitecture.Data", "OnionArchitecture.Data\OnionArchitecture.Data.csproj", "{60F1615B-9571-43BD-9F1B-BE107494034E}"
EndProject
Project("{9A19103F-16F7-4668-BE54-9A1E7A4F7556}") = "OnionArchitecture.Persistence", "OnionArchitecture.Persistence\OnionArchitecture.Persistence.csproj", "{A0AFB045-B736-4CA9-AA6B-B95FD37250DB}"
EndProject
Project("{FAE04EC0-301F-11D3-BF4B-00C04F79EFBC}") = "OnionArchitecture.Service", "OnionArchitecture.Service\OnionArchitecture.Service.csproj", "{C71926A6-3F49-4D6C-9192-9DC12128BECA}"
EndProject
Project("{9A19103F-16F7-4668-BE54-9A1E7A4F7556}") = "OnionArchitecture", "OnionArchitecture\OnionArchitecture.csproj", "{215964E1-24FA-47E4-B375-0FB23367677D}"
EndProject
Project("{FAE04EC0-301F-11D3-BF4B-00C04F79EFBC}") = "OnionArchitecture.Infrastructure", "OnionArchitecture.Infrastructure\OnionArchitecture.Infrastructure.csproj", "{691D4702-DE59-4F8D-8C53-E6CBD1F9C0A6}"
EndProject
Global
	GlobalSection(SolutionConfigurationPlatforms) = preSolution
		Debug|Any CPU = Debug|Any CPU
		Release|Any CPU = Release|Any CPU
	EndGlobalSection
	GlobalSection(ProjectConfigurationPlatforms) = postSolution
		{01B3F5E4-7F5E-4D1D-9D02-7DC51CB26F11}.Debug|Any CPU.ActiveCfg = Debug|Any CPU
		{01B3F5E4-7F5E-4D1D-9D02-7DC51CB26F11}.Debug|Any CPU.Build.0 = Debug|Any CPU
		{01B3F5E4-7F5E-4D1D-9D02-7DC51CB26F11}.Release|Any CPU.ActiveCfg = Release|Any CPU
		{01B3F5E4-7F5E-4D1D-9D02-7DC51CB26F11}.Release|Any CPU.Build.0 = Release|Any CPU
		{60F1615B-9571-43BD-9F1B-BE107494034E}.Debug|Any CPU.ActiveCfg = Debug|Any CPU
		{60F1615B-9571-43BD-9F1B-BE107494034E}.Debug|Any CPU.Build.0 = Debug|Any CPU
		{60F1615B-9571-43BD-9F1B-BE107494034E}.Release|Any CPU.ActiveCfg = Release|Any CPU
		{60F1615B-9571-43BD-9F1B-BE107494034E}.Release|Any CPU.Build.0 = Release|Any CPU
		{A0AFB045-B736-4CA9-AA6B-B95FD37250DB}.Debug|Any CPU.ActiveCfg = Debug|Any CPU
		{A0AFB045-B736-4CA9-AA6B-B95FD37250DB}.Debug|Any CPU.Build.0 = Debug|Any CPU
		{A0AFB045-B736-4CA9-AA6B-B95FD37250DB}.Release|Any CPU.ActiveCfg = Release|Any CPU
		{A0AFB045-B736-4CA9-AA6B-B95FD37250DB}.Release|Any CPU.Build.0 = Release|Any CPU
		{C71926A6-3F49-4D6C-9192-9DC12128BECA}.Debug|Any CPU.ActiveCfg = Debug|Any CPU
		{C71926A6-3F49-4D6C-9192-9DC12128BECA}.Debug|Any CPU.Build.0 = Debug|Any CPU
		{C71926A6-3F49-4D6C-9192-9DC12128BECA}.Release|Any CPU.ActiveCfg = Release|Any CPU
		{C71926A6-3F49-4D6C-9192-9DC12128BECA}.Release|Any CPU.Build.0 = Release|Any CPU
		{215964E1-24FA-47E4-B375-0FB23367677D}.Debug|Any CPU.ActiveCfg = Debug|Any CPU
		{215964E1-24FA-47E4-B375-0FB23367677D}.Debug|Any CPU.Build.0 = Debug|Any CPU
		{215964E1-24FA-47E4-B375-0FB23367677D}.Release|Any CPU.ActiveCfg = Release|Any CPU
		{215964E1-24FA-47E4-B375-0FB23367677D}.Release|Any CPU.Build.0 = Release|Any CPU
		{691D4702-DE59-4F8D-8C53-E6CBD1F9C0A6}.Debug|Any CPU.ActiveCfg = Debug|Any CPU
		{691D4702-DE59-4F8D-8C53-E6CBD1F9C0A6}.Debug|Any CPU.Build.0 = Debug|Any CPU
		{691D4702-DE59-4F8D-8C53-E6CBD1F9C0A6}.Release|Any CPU.ActiveCfg = Release|Any CPU
		{691D4702-DE59-4F8D-8C53-E6CBD1F9C0A6}.Release|Any CPU.Build.0 = Release|Any CPU
	EndGlobalSection
	GlobalSection(SolutionProperties) = preSolution
		HideSolutionNode = FALSE
	EndGlobalSection
	GlobalSection(ExtensibilityGlobals) = postSolution
		SolutionGuid = {8B4B77D2-FF24-4B87-BA16-69E457AE89C0}
	EndGlobalSection
EndGlobal
