
Microsoft Visual Studio Solution File, Format Version 12.00
# Visual Studio Version 16
VisualStudioVersion = 16.0.30114.105
MinimumVisualStudioVersion = 10.0.40219.1
Project("{9A19103F-16F7-4668-BE54-9A1E7A4F7556}") = "CustomerEFCore", "CustomerEFCore\CustomerEFCore.csproj", "{055ECABF-64B9-4EA3-A4BC-B6A129AC1AB4}"
EndProject
Project("{FAE04EC0-301F-11D3-BF4B-00C04F79EFBC}") = "CustomerEFCore.Data", "CustomerEFCore.Data\CustomerEFCore.Data.csproj", "{18756B2A-65EF-4405-A1E3-984402B7E3F4}"
EndProject
Project("{FAE04EC0-301F-11D3-BF4B-00C04F79EFBC}") = "CustomerEFCore.Domain", "CustomerEFCore.Domain\CustomerEFCore.Domain.csproj", "{21A2743C-BF23-40C5-8BBD-B4793AC919E4}"
EndProject
Project("{FAE04EC0-301F-11D3-BF4B-00C04F79EFBC}") = "CustomerEFCore.Repository.Contract", "CustomerEFCore.Repository.Contract\CustomerEFCore.Repository.Contract.csproj", "{1CDA961A-21AB-435F-86DB-5EA13DDDEB26}"
EndProject
Project("{FAE04EC0-301F-11D3-BF4B-00C04F79EFBC}") = "CustomerEFCore.Repository", "CustomerEFCore.Repository\CustomerEFCore.Repository.csproj", "{C46329CA-B7AC-4F9A-ADF5-AF28150AB952}"
EndProject
Global
	GlobalSection(SolutionConfigurationPlatforms) = preSolution
		Debug|Any CPU = Debug|Any CPU
		Release|Any CPU = Release|Any CPU
	EndGlobalSection
	GlobalSection(ProjectConfigurationPlatforms) = postSolution
		{055ECABF-64B9-4EA3-A4BC-B6A129AC1AB4}.Debug|Any CPU.ActiveCfg = Debug|Any CPU
		{055ECABF-64B9-4EA3-A4BC-B6A129AC1AB4}.Debug|Any CPU.Build.0 = Debug|Any CPU
		{055ECABF-64B9-4EA3-A4BC-B6A129AC1AB4}.Release|Any CPU.ActiveCfg = Release|Any CPU
		{055ECABF-64B9-4EA3-A4BC-B6A129AC1AB4}.Release|Any CPU.Build.0 = Release|Any CPU
		{18756B2A-65EF-4405-A1E3-984402B7E3F4}.Debug|Any CPU.ActiveCfg = Debug|Any CPU
		{18756B2A-65EF-4405-A1E3-984402B7E3F4}.Debug|Any CPU.Build.0 = Debug|Any CPU
		{18756B2A-65EF-4405-A1E3-984402B7E3F4}.Release|Any CPU.ActiveCfg = Release|Any CPU
		{18756B2A-65EF-4405-A1E3-984402B7E3F4}.Release|Any CPU.Build.0 = Release|Any CPU
		{21A2743C-BF23-40C5-8BBD-B4793AC919E4}.Debug|Any CPU.ActiveCfg = Debug|Any CPU
		{21A2743C-BF23-40C5-8BBD-B4793AC919E4}.Debug|Any CPU.Build.0 = Debug|Any CPU
		{21A2743C-BF23-40C5-8BBD-B4793AC919E4}.Release|Any CPU.ActiveCfg = Release|Any CPU
		{21A2743C-BF23-40C5-8BBD-B4793AC919E4}.Release|Any CPU.Build.0 = Release|Any CPU
		{1CDA961A-21AB-435F-86DB-5EA13DDDEB26}.Debug|Any CPU.ActiveCfg = Debug|Any CPU
		{1CDA961A-21AB-435F-86DB-5EA13DDDEB26}.Debug|Any CPU.Build.0 = Debug|Any CPU
		{1CDA961A-21AB-435F-86DB-5EA13DDDEB26}.Release|Any CPU.ActiveCfg = Release|Any CPU
		{1CDA961A-21AB-435F-86DB-5EA13DDDEB26}.Release|Any CPU.Build.0 = Release|Any CPU
		{C46329CA-B7AC-4F9A-ADF5-AF28150AB952}.Debug|Any CPU.ActiveCfg = Debug|Any CPU
		{C46329CA-B7AC-4F9A-ADF5-AF28150AB952}.Debug|Any CPU.Build.0 = Debug|Any CPU
		{C46329CA-B7AC-4F9A-ADF5-AF28150AB952}.Release|Any CPU.ActiveCfg = Release|Any CPU
		{C46329CA-B7AC-4F9A-ADF5-AF28150AB952}.Release|Any CPU.Build.0 = Release|Any CPU
	EndGlobalSection
	GlobalSection(SolutionProperties) = preSolution
		HideSolutionNode = FALSE
	EndGlobalSection
	GlobalSection(ExtensibilityGlobals) = postSolution
		SolutionGuid = {06C66A46-F5F3-425A-9E4E-8073B8CF5A41}
	EndGlobalSection
EndGlobal
